
Microsoft Visual Studio Solution File, Format Version 12.00
# Visual Studio Version 17
VisualStudioVersion = 17.12.35527.113 d17.12
MinimumVisualStudioVersion = 10.0.40219.1
Project("{FAE04EC0-301F-11D3-BF4B-00C04F79EFBC}") = "LocadoraAgro.Web", "LocadoraAgro.Web\LocadoraAgro.Web.csproj", "{854013CC-77EF-4B6C-98BC-CE24134D786B}"
EndProject
Project("{FAE04EC0-301F-11D3-BF4B-00C04F79EFBC}") = "LocadoraAgro.Data", "LocadoraAgro.Data\LocadoraAgro.Data.csproj", "{8153537A-03F5-4DAC-892F-F062B6DFA945}"
EndProject
Global
	GlobalSection(SolutionConfigurationPlatforms) = preSolution
		Debug|Any CPU = Debug|Any CPU
		Release|Any CPU = Release|Any CPU
	EndGlobalSection
	GlobalSection(ProjectConfigurationPlatforms) = postSolution
		{854013CC-77EF-4B6C-98BC-CE24134D786B}.Debug|Any CPU.ActiveCfg = Debug|Any CPU
		{854013CC-77EF-4B6C-98BC-CE24134D786B}.Debug|Any CPU.Build.0 = Debug|Any CPU
		{854013CC-77EF-4B6C-98BC-CE24134D786B}.Release|Any CPU.ActiveCfg = Release|Any CPU
		{854013CC-77EF-4B6C-98BC-CE24134D786B}.Release|Any CPU.Build.0 = Release|Any CPU
		{8153537A-03F5-4DAC-892F-F062B6DFA945}.Debug|Any CPU.ActiveCfg = Debug|Any CPU
		{8153537A-03F5-4DAC-892F-F062B6DFA945}.Debug|Any CPU.Build.0 = Debug|Any CPU
		{8153537A-03F5-4DAC-892F-F062B6DFA945}.Release|Any CPU.ActiveCfg = Release|Any CPU
		{8153537A-03F5-4DAC-892F-F062B6DFA945}.Release|Any CPU.Build.0 = Release|Any CPU
	EndGlobalSection
	GlobalSection(SolutionProperties) = preSolution
		HideSolutionNode = FALSE
	EndGlobalSection
EndGlobal
